
Microsoft Visual Studio Solution File, Format Version 12.00
# Visual Studio Version 17
VisualStudioVersion = 17.11.35312.102
MinimumVisualStudioVersion = 10.0.40219.1
Project("{FAE04EC0-301F-11D3-BF4B-00C04F79EFBC}") = "JokesWebApp", "JokesWebApp.csproj", "{50A06849-28EC-4FB3-B538-422BEE61EC01}"
EndProject
Global
	GlobalSection(SolutionConfigurationPlatforms) = preSolution
		Debug|Any CPU = Debug|Any CPU
		Release|Any CPU = Release|Any CPU
	EndGlobalSection
	GlobalSection(ProjectConfigurationPlatforms) = postSolution
		{50A06849-28EC-4FB3-B538-422BEE61EC01}.Debug|Any CPU.ActiveCfg = Debug|Any CPU
		{50A06849-28EC-4FB3-B538-422BEE61EC01}.Debug|Any CPU.Build.0 = Debug|Any CPU
		{50A06849-28EC-4FB3-B538-422BEE61EC01}.Release|Any CPU.ActiveCfg = Release|Any CPU
		{50A06849-28EC-4FB3-B538-422BEE61EC01}.Release|Any CPU.Build.0 = Release|Any CPU
	EndGlobalSection
	GlobalSection(SolutionProperties) = preSolution
		HideSolutionNode = FALSE
	EndGlobalSection
	GlobalSection(ExtensibilityGlobals) = postSolution
		SolutionGuid = {D84FEDC0-723A-46A9-82D8-FC15C3AE9864}
	EndGlobalSection
EndGlobal
